
Microsoft Visual Studio Solution File, Format Version 12.00
# Visual Studio Version 16
VisualStudioVersion = 16.0.30503.244
MinimumVisualStudioVersion = 10.0.40219.1
Project("{FAE04EC0-301F-11D3-BF4B-00C04F79EFBC}") = "apiWithHelpPage", "apiWithHelpPage\apiWithHelpPage.csproj", "{571716C7-0F5B-467A-97B2-1ADB2F8BBEA5}"
EndProject
Global
	GlobalSection(SolutionConfigurationPlatforms) = preSolution
		Debug|Any CPU = Debug|Any CPU
		Release|Any CPU = Release|Any CPU
	EndGlobalSection
	GlobalSection(ProjectConfigurationPlatforms) = postSolution
		{571716C7-0F5B-467A-97B2-1ADB2F8BBEA5}.Debug|Any CPU.ActiveCfg = Debug|Any CPU
		{571716C7-0F5B-467A-97B2-1ADB2F8BBEA5}.Debug|Any CPU.Build.0 = Debug|Any CPU
		{571716C7-0F5B-467A-97B2-1ADB2F8BBEA5}.Release|Any CPU.ActiveCfg = Release|Any CPU
		{571716C7-0F5B-467A-97B2-1ADB2F8BBEA5}.Release|Any CPU.Build.0 = Release|Any CPU
	EndGlobalSection
	GlobalSection(SolutionProperties) = preSolution
		HideSolutionNode = FALSE
	EndGlobalSection
	GlobalSection(ExtensibilityGlobals) = postSolution
		SolutionGuid = {8BD521F4-7187-4921-932C-92D229EB35B8}
	EndGlobalSection
EndGlobal
